
Microsoft Visual Studio Solution File, Format Version 12.00
# Visual Studio Version 17
VisualStudioVersion = 17.6.33815.320
MinimumVisualStudioVersion = 10.0.40219.1
Project("{FAE04EC0-301F-11D3-BF4B-00C04F79EFBC}") = "ConsoleApp3", "ConsoleApp3\ConsoleApp3.csproj", "{8B8E1433-88AE-4B7F-B402-94EF67FC7EF2}"
EndProject
Global
	GlobalSection(SolutionConfigurationPlatforms) = preSolution
		Debug|Any CPU = Debug|Any CPU
		Release|Any CPU = Release|Any CPU
	EndGlobalSection
	GlobalSection(ProjectConfigurationPlatforms) = postSolution
		{8B8E1433-88AE-4B7F-B402-94EF67FC7EF2}.Debug|Any CPU.ActiveCfg = Debug|Any CPU
		{8B8E1433-88AE-4B7F-B402-94EF67FC7EF2}.Debug|Any CPU.Build.0 = Debug|Any CPU
		{8B8E1433-88AE-4B7F-B402-94EF67FC7EF2}.Release|Any CPU.ActiveCfg = Release|Any CPU
		{8B8E1433-88AE-4B7F-B402-94EF67FC7EF2}.Release|Any CPU.Build.0 = Release|Any CPU
	EndGlobalSection
	GlobalSection(SolutionProperties) = preSolution
		HideSolutionNode = FALSE
	EndGlobalSection
	GlobalSection(ExtensibilityGlobals) = postSolution
		SolutionGuid = {48DBDF49-B6D0-4554-B47B-FF33D43DB69A}
	EndGlobalSection
EndGlobal
